
Microsoft Visual Studio Solution File, Format Version 12.00
# Visual Studio 15
VisualStudioVersion = 15.0.27703.2042
MinimumVisualStudioVersion = 10.0.40219.1
Project("{9A19103F-16F7-4668-BE54-9A1E7A4F7556}") = "ESFA.ProvideFeedback.Apprentice.Bot", "ESFA.ProvideFeedback.Apprentice.Bot\ESFA.ProvideFeedback.Apprentice.Bot.csproj", "{C19F2D46-3738-4C0F-B772-344EA1908250}"
EndProject
Global
	GlobalSection(SolutionConfigurationPlatforms) = preSolution
		Debug|Any CPU = Debug|Any CPU
		Debug|x64 = Debug|x64
		Release|Any CPU = Release|Any CPU
		Release|x64 = Release|x64
	EndGlobalSection
	GlobalSection(ProjectConfigurationPlatforms) = postSolution
		{C19F2D46-3738-4C0F-B772-344EA1908250}.Debug|Any CPU.ActiveCfg = Debug|Any CPU
		{C19F2D46-3738-4C0F-B772-344EA1908250}.Debug|Any CPU.Build.0 = Debug|Any CPU
		{C19F2D46-3738-4C0F-B772-344EA1908250}.Debug|x64.ActiveCfg = Debug|x64
		{C19F2D46-3738-4C0F-B772-344EA1908250}.Debug|x64.Build.0 = Debug|x64
		{C19F2D46-3738-4C0F-B772-344EA1908250}.Release|Any CPU.ActiveCfg = Release|Any CPU
		{C19F2D46-3738-4C0F-B772-344EA1908250}.Release|Any CPU.Build.0 = Release|Any CPU
		{C19F2D46-3738-4C0F-B772-344EA1908250}.Release|x64.ActiveCfg = Release|x64
		{C19F2D46-3738-4C0F-B772-344EA1908250}.Release|x64.Build.0 = Release|x64
	EndGlobalSection
	GlobalSection(SolutionProperties) = preSolution
		HideSolutionNode = FALSE
	EndGlobalSection
	GlobalSection(ExtensibilityGlobals) = postSolution
		SolutionGuid = {9F58B13A-D58F-43D0-B1B3-5625394EBAA6}
	EndGlobalSection
EndGlobal
