
Microsoft Visual Studio Solution File, Format Version 12.00
# Visual Studio 15
VisualStudioVersion = 15.0.27703.2042
MinimumVisualStudioVersion = 10.0.40219.1
Project("{9A19103F-16F7-4668-BE54-9A1E7A4F7556}") = "ESFA.DAS.ProvideFeedback.Apprentice.Data", "Apprentice.Data\ESFA.DAS.ProvideFeedback.Apprentice.Data.csproj", "{68341D2F-56D8-45B5-BE1C-B8F0B7D1D021}"
	ProjectSection(ProjectDependencies) = postProject
		{300DC3C7-F3D0-4119-8423-2035EECB2C72} = {300DC3C7-F3D0-4119-8423-2035EECB2C72}
	EndProjectSection
EndProject
Project("{9A19103F-16F7-4668-BE54-9A1E7A4F7556}") = "ESFA.DAS.ProvideFeedback.Apprentice.Core", "Apprentice.Core\ESFA.DAS.ProvideFeedback.Apprentice.Core.csproj", "{300DC3C7-F3D0-4119-8423-2035EECB2C72}"
EndProject
Project("{2150E333-8FDC-42A3-9474-1A3956D46DE8}") = "1. Solution Files", "1. Solution Files", "{CC808070-0036-4462-B9C3-760C742BA3A1}"
	ProjectSection(SolutionItems) = preProject
		.gitignore = .gitignore
		NuGet.Config = NuGet.Config
		..\azure\template.json = ..\azure\template.json
	EndProjectSection
EndProject
Project("{9A19103F-16F7-4668-BE54-9A1E7A4F7556}") = "ESFA.DAS.ProvideFeedback.Apprentice.Functions.NotifyMessageHandlerV2", "Apprentice.Functions.NotifyMessageHandlerV2\ESFA.DAS.ProvideFeedback.Apprentice.Functions.NotifyMessageHandlerV2.csproj", "{DA8458F9-2FB7-4851-967E-F09EAF9DCAAD}"
EndProject
Project("{9A19103F-16F7-4668-BE54-9A1E7A4F7556}") = "ESFA.DAS.ProvideFeedback.Apprentice.BotV4", "Apprentice.BotV4\ESFA.DAS.ProvideFeedback.Apprentice.BotV4.csproj", "{92EB2383-2336-4807-9FCE-3FB149596CDE}"
	ProjectSection(ProjectDependencies) = postProject
		{68341D2F-56D8-45B5-BE1C-B8F0B7D1D021} = {68341D2F-56D8-45B5-BE1C-B8F0B7D1D021}
		{014E3D2F-4B23-457E-BB49-FED93FA31FE4} = {014E3D2F-4B23-457E-BB49-FED93FA31FE4}
		{4EF9EF47-6941-44A4-ACF0-3594A0E75D8F} = {4EF9EF47-6941-44A4-ACF0-3594A0E75D8F}
		{95036AA0-435E-4753-A78B-F6E210EE9AA1} = {95036AA0-435E-4753-A78B-F6E210EE9AA1}
		{300DC3C7-F3D0-4119-8423-2035EECB2C72} = {300DC3C7-F3D0-4119-8423-2035EECB2C72}
		{AC8285EB-17CB-4AA4-9E00-DF5265A79BB6} = {AC8285EB-17CB-4AA4-9E00-DF5265A79BB6}
		{A74AFFF7-8C75-41AE-9CF6-2D0FEB1664BF} = {A74AFFF7-8C75-41AE-9CF6-2D0FEB1664BF}
	EndProjectSection
EndProject
Project("{9A19103F-16F7-4668-BE54-9A1E7A4F7556}") = "ESFA.DAS.ProvideFeedback.Apprentice.Services", "Apprentice.Services\ESFA.DAS.ProvideFeedback.Apprentice.Services.csproj", "{95036AA0-435E-4753-A78B-F6E210EE9AA1}"
EndProject
Project("{9A19103F-16F7-4668-BE54-9A1E7A4F7556}") = "ESFA.DAS.ProvideFeedback.Apprentice.Services.NotifySmsService", "Apprentice.Services.NotifySmsService\ESFA.DAS.ProvideFeedback.Apprentice.Services.NotifySmsService.csproj", "{014E3D2F-4B23-457E-BB49-FED93FA31FE4}"
EndProject
Project("{9A19103F-16F7-4668-BE54-9A1E7A4F7556}") = "ESFA.DAS.ProvideFeedback.Apprentice.Infrastructure", "Apprentice.Infrastructure\ESFA.DAS.ProvideFeedback.Apprentice.Infrastructure.csproj", "{AC8285EB-17CB-4AA4-9E00-DF5265A79BB6}"
EndProject
Project("{9A19103F-16F7-4668-BE54-9A1E7A4F7556}") = "ESFA.DAS.ProvideFeedback.Apprentice.Bot.Connectors", "Apprentice.Bot.Connectors\ESFA.DAS.ProvideFeedback.Apprentice.Bot.Connectors.csproj", "{4EF9EF47-6941-44A4-ACF0-3594A0E75D8F}"
EndProject
Project("{9A19103F-16F7-4668-BE54-9A1E7A4F7556}") = "ESFA.DAS.ProvideFeedback.Apprentice.Bot.Dialogs", "Apprentice.Bot.Dialogs\ESFA.DAS.ProvideFeedback.Apprentice.Bot.Dialogs.csproj", "{A74AFFF7-8C75-41AE-9CF6-2D0FEB1664BF}"
EndProject
Project("{9A19103F-16F7-4668-BE54-9A1E7A4F7556}") = "ESFA.DAS.ProvideFeedback.Apprentice.Bot.Dialogs.Test", "..\test\Apprentice.Bot.Dialogs.Test\ESFA.DAS.ProvideFeedback.Apprentice.Bot.Dialogs.Test.csproj", "{DD665A3C-1137-4FB8-B996-B45FD12BAF40}"
EndProject
Project("{9A19103F-16F7-4668-BE54-9A1E7A4F7556}") = "ESFA.DAS.ProvideFeedback.Apprentice.Services.FeedbackService", "Apprentice.Services.FeedbackService\ESFA.DAS.ProvideFeedback.Apprentice.Services.FeedbackService.csproj", "{08196A08-6712-49FB-9D54-B83AADF193D5}"
EndProject
Project("{9A19103F-16F7-4668-BE54-9A1E7A4F7556}") = "ESFA.DAS.ProvideFeedback.Apprentice.Bot.Connectors.UnitTests", "Bot.Connectors.UnitTests\ESFA.DAS.ProvideFeedback.Apprentice.Bot.Connectors.UnitTests.csproj", "{7994592D-84BA-4FD6-9C42-295D8F02F4D1}"
EndProject
Project("{9A19103F-16F7-4668-BE54-9A1E7A4F7556}") = "ESFA.DAS.ProvideFeedback.Apprentice.Services.UnitTests", "Apprentice.Services.UnitTests\ESFA.DAS.ProvideFeedback.Apprentice.Services.UnitTests.csproj", "{E0B3894A-D6D2-4505-A01F-6C584B658980}"
EndProject
Project("{00D1A9C2-B5F0-4AF3-8072-F6C62B433612}") = "ESFA.DAS.ProvideFeedback.Apprentice.Database", "ESFA.DAS.ProvideFeedback.Apprentice.Database\ESFA.DAS.ProvideFeedback.Apprentice.Database.sqlproj", "{895B81E4-21B5-4015-9F57-9015B7FDA74D}"
EndProject
Project("{FAE04EC0-301F-11D3-BF4B-00C04F79EFBC}") = "ESFA.DAS.ProvideFeedback.Apprentice.Domain", "ESFA.DAS.ProvideFeedback.Apprentice.Domain\ESFA.DAS.ProvideFeedback.Apprentice.Domain.csproj", "{D80FDF13-BDE4-467C-A16C-C7CA5BD62B46}"
EndProject
Global
	GlobalSection(SolutionConfigurationPlatforms) = preSolution
		Debug|Any CPU = Debug|Any CPU
		Release|Any CPU = Release|Any CPU
	EndGlobalSection
	GlobalSection(ProjectConfigurationPlatforms) = postSolution
		{68341D2F-56D8-45B5-BE1C-B8F0B7D1D021}.Debug|Any CPU.ActiveCfg = Debug|Any CPU
		{68341D2F-56D8-45B5-BE1C-B8F0B7D1D021}.Debug|Any CPU.Build.0 = Debug|Any CPU
		{68341D2F-56D8-45B5-BE1C-B8F0B7D1D021}.Release|Any CPU.ActiveCfg = Release|Any CPU
		{68341D2F-56D8-45B5-BE1C-B8F0B7D1D021}.Release|Any CPU.Build.0 = Release|Any CPU
		{300DC3C7-F3D0-4119-8423-2035EECB2C72}.Debug|Any CPU.ActiveCfg = Debug|Any CPU
		{300DC3C7-F3D0-4119-8423-2035EECB2C72}.Debug|Any CPU.Build.0 = Debug|Any CPU
		{300DC3C7-F3D0-4119-8423-2035EECB2C72}.Release|Any CPU.ActiveCfg = Release|Any CPU
		{300DC3C7-F3D0-4119-8423-2035EECB2C72}.Release|Any CPU.Build.0 = Release|Any CPU
		{DA8458F9-2FB7-4851-967E-F09EAF9DCAAD}.Debug|Any CPU.ActiveCfg = Debug|Any CPU
		{DA8458F9-2FB7-4851-967E-F09EAF9DCAAD}.Debug|Any CPU.Build.0 = Debug|Any CPU
		{DA8458F9-2FB7-4851-967E-F09EAF9DCAAD}.Release|Any CPU.ActiveCfg = Release|Any CPU
		{DA8458F9-2FB7-4851-967E-F09EAF9DCAAD}.Release|Any CPU.Build.0 = Release|Any CPU
		{92EB2383-2336-4807-9FCE-3FB149596CDE}.Debug|Any CPU.ActiveCfg = Debug|Any CPU
		{92EB2383-2336-4807-9FCE-3FB149596CDE}.Debug|Any CPU.Build.0 = Debug|Any CPU
		{92EB2383-2336-4807-9FCE-3FB149596CDE}.Release|Any CPU.ActiveCfg = Release|Any CPU
		{92EB2383-2336-4807-9FCE-3FB149596CDE}.Release|Any CPU.Build.0 = Release|Any CPU
		{95036AA0-435E-4753-A78B-F6E210EE9AA1}.Debug|Any CPU.ActiveCfg = Debug|Any CPU
		{95036AA0-435E-4753-A78B-F6E210EE9AA1}.Debug|Any CPU.Build.0 = Debug|Any CPU
		{95036AA0-435E-4753-A78B-F6E210EE9AA1}.Release|Any CPU.ActiveCfg = Release|Any CPU
		{95036AA0-435E-4753-A78B-F6E210EE9AA1}.Release|Any CPU.Build.0 = Release|Any CPU
		{014E3D2F-4B23-457E-BB49-FED93FA31FE4}.Debug|Any CPU.ActiveCfg = Debug|Any CPU
		{014E3D2F-4B23-457E-BB49-FED93FA31FE4}.Debug|Any CPU.Build.0 = Debug|Any CPU
		{014E3D2F-4B23-457E-BB49-FED93FA31FE4}.Release|Any CPU.ActiveCfg = Release|Any CPU
		{014E3D2F-4B23-457E-BB49-FED93FA31FE4}.Release|Any CPU.Build.0 = Release|Any CPU
		{AC8285EB-17CB-4AA4-9E00-DF5265A79BB6}.Debug|Any CPU.ActiveCfg = Debug|Any CPU
		{AC8285EB-17CB-4AA4-9E00-DF5265A79BB6}.Debug|Any CPU.Build.0 = Debug|Any CPU
		{AC8285EB-17CB-4AA4-9E00-DF5265A79BB6}.Release|Any CPU.ActiveCfg = Release|Any CPU
		{AC8285EB-17CB-4AA4-9E00-DF5265A79BB6}.Release|Any CPU.Build.0 = Release|Any CPU
		{4EF9EF47-6941-44A4-ACF0-3594A0E75D8F}.Debug|Any CPU.ActiveCfg = Debug|Any CPU
		{4EF9EF47-6941-44A4-ACF0-3594A0E75D8F}.Debug|Any CPU.Build.0 = Debug|Any CPU
		{4EF9EF47-6941-44A4-ACF0-3594A0E75D8F}.Release|Any CPU.ActiveCfg = Release|Any CPU
		{4EF9EF47-6941-44A4-ACF0-3594A0E75D8F}.Release|Any CPU.Build.0 = Release|Any CPU
		{A74AFFF7-8C75-41AE-9CF6-2D0FEB1664BF}.Debug|Any CPU.ActiveCfg = Debug|Any CPU
		{A74AFFF7-8C75-41AE-9CF6-2D0FEB1664BF}.Debug|Any CPU.Build.0 = Debug|Any CPU
		{A74AFFF7-8C75-41AE-9CF6-2D0FEB1664BF}.Release|Any CPU.ActiveCfg = Release|Any CPU
		{A74AFFF7-8C75-41AE-9CF6-2D0FEB1664BF}.Release|Any CPU.Build.0 = Release|Any CPU
		{DD665A3C-1137-4FB8-B996-B45FD12BAF40}.Debug|Any CPU.ActiveCfg = Debug|Any CPU
		{DD665A3C-1137-4FB8-B996-B45FD12BAF40}.Debug|Any CPU.Build.0 = Debug|Any CPU
		{DD665A3C-1137-4FB8-B996-B45FD12BAF40}.Release|Any CPU.ActiveCfg = Release|Any CPU
		{DD665A3C-1137-4FB8-B996-B45FD12BAF40}.Release|Any CPU.Build.0 = Release|Any CPU
		{08196A08-6712-49FB-9D54-B83AADF193D5}.Debug|Any CPU.ActiveCfg = Debug|Any CPU
		{08196A08-6712-49FB-9D54-B83AADF193D5}.Debug|Any CPU.Build.0 = Debug|Any CPU
		{08196A08-6712-49FB-9D54-B83AADF193D5}.Release|Any CPU.ActiveCfg = Release|Any CPU
		{08196A08-6712-49FB-9D54-B83AADF193D5}.Release|Any CPU.Build.0 = Release|Any CPU
		{7994592D-84BA-4FD6-9C42-295D8F02F4D1}.Debug|Any CPU.ActiveCfg = Debug|Any CPU
		{7994592D-84BA-4FD6-9C42-295D8F02F4D1}.Debug|Any CPU.Build.0 = Debug|Any CPU
		{7994592D-84BA-4FD6-9C42-295D8F02F4D1}.Release|Any CPU.ActiveCfg = Release|Any CPU
		{7994592D-84BA-4FD6-9C42-295D8F02F4D1}.Release|Any CPU.Build.0 = Release|Any CPU
		{E0B3894A-D6D2-4505-A01F-6C584B658980}.Debug|Any CPU.ActiveCfg = Debug|Any CPU
		{E0B3894A-D6D2-4505-A01F-6C584B658980}.Debug|Any CPU.Build.0 = Debug|Any CPU
		{E0B3894A-D6D2-4505-A01F-6C584B658980}.Release|Any CPU.ActiveCfg = Release|Any CPU
		{E0B3894A-D6D2-4505-A01F-6C584B658980}.Release|Any CPU.Build.0 = Release|Any CPU
		{895B81E4-21B5-4015-9F57-9015B7FDA74D}.Debug|Any CPU.ActiveCfg = Debug|Any CPU
		{895B81E4-21B5-4015-9F57-9015B7FDA74D}.Debug|Any CPU.Build.0 = Debug|Any CPU
		{895B81E4-21B5-4015-9F57-9015B7FDA74D}.Debug|Any CPU.Deploy.0 = Debug|Any CPU
		{895B81E4-21B5-4015-9F57-9015B7FDA74D}.Release|Any CPU.ActiveCfg = Release|Any CPU
		{895B81E4-21B5-4015-9F57-9015B7FDA74D}.Release|Any CPU.Build.0 = Release|Any CPU
		{895B81E4-21B5-4015-9F57-9015B7FDA74D}.Release|Any CPU.Deploy.0 = Release|Any CPU
		{D80FDF13-BDE4-467C-A16C-C7CA5BD62B46}.Debug|Any CPU.ActiveCfg = Debug|Any CPU
		{D80FDF13-BDE4-467C-A16C-C7CA5BD62B46}.Debug|Any CPU.Build.0 = Debug|Any CPU
		{D80FDF13-BDE4-467C-A16C-C7CA5BD62B46}.Release|Any CPU.ActiveCfg = Release|Any CPU
		{D80FDF13-BDE4-467C-A16C-C7CA5BD62B46}.Release|Any CPU.Build.0 = Release|Any CPU
	EndGlobalSection
	GlobalSection(SolutionProperties) = preSolution
		HideSolutionNode = FALSE
	EndGlobalSection
	GlobalSection(ExtensibilityGlobals) = postSolution
		SolutionGuid = {C17CB014-4230-467E-97B9-ED05F84480D7}
	EndGlobalSection
EndGlobal
